{
  "version": 4,
  "terraform_version": "1.5.7",
  "serial": 21,
  "lineage": "55b4c26c-4c08-5997-c5d9-e11115903b50",
  "outputs": {
    "iam_output": {
      "value": {
        "project_member": {
          "condition": [],
          "etag": "BwYFzuCLxpo=",
          "id": "ninjawombat/roles/secretmanager.secretAccessor/serviceAccount:external-secrets@ninjawombat.iam.gserviceaccount.com",
          "member": "serviceAccount:external-secrets@ninjawombat.iam.gserviceaccount.com",
          "project": "ninjawombat",
          "role": "roles/secretmanager.secretAccessor"
        },
        "sa": {
          "members": [
            "serviceAccount:ninjawombat.svc.id.goog[kube-system/external-secrets]"
          ],
          "roles": [
            "roles/iam.workloadIdentityUser"
          ],
          "service_accounts": [
            "external-secrets@ninjawombat.iam.gserviceaccount.com"
          ]
        },
        "service_account_email": "external-secrets@ninjawombat.iam.gserviceaccount.com",
        "service_account_iaemail": "serviceAccount:external-secrets@ninjawombat.iam.gserviceaccount.com"
      },
      "type": [
        "object",
        {
          "project_member": [
            "object",
            {
              "condition": [
                "list",
                [
                  "object",
                  {
                    "description": "string",
                    "expression": "string",
                    "title": "string"
                  }
                ]
              ],
              "etag": "string",
              "id": "string",
              "member": "string",
              "project": "string",
              "role": "string"
            }
          ],
          "sa": [
            "object",
            {
              "members": [
                "list",
                "string"
              ],
              "roles": [
                "list",
                "string"
              ],
              "service_accounts": [
                "list",
                "string"
              ]
            }
          ],
          "service_account_email": "string",
          "service_account_iaemail": "string"
        }
      ]
    }
  },
  "resources": [
    {
      "mode": "managed",
      "type": "google_compute_network",
      "name": "default",
      "provider": "provider[\"registry.terraform.io/hashicorp/google\"]",
      "instances": [
        {
          "schema_version": 0,
          "attributes": {
            "auto_create_subnetworks": false,
            "delete_default_routes_on_create": false,
            "description": "",
            "enable_ula_internal_ipv6": false,
            "gateway_ipv4": "",
            "id": "projects/ninjawombat/global/networks/ninjawombat-network",
            "internal_ipv6_range": "",
            "mtu": 0,
            "name": "ninjawombat-network",
            "network_firewall_policy_enforcement_order": "AFTER_CLASSIC_FIREWALL",
            "project": "ninjawombat",
            "routing_mode": "REGIONAL",
            "self_link": "https://www.googleapis.com/compute/v1/projects/ninjawombat/global/networks/ninjawombat-network",
            "timeouts": null
          },
          "sensitive_attributes": [],
          "private": "eyJlMmJmYjczMC1lY2FhLTExZTYtOGY4OC0zNDM2M2JjN2M0YzAiOnsiY3JlYXRlIjoxMjAwMDAwMDAwMDAwLCJkZWxldGUiOjEyMDAwMDAwMDAwMDAsInVwZGF0ZSI6MTIwMDAwMDAwMDAwMH19"
        }
      ]
    },
    {
      "mode": "managed",
      "type": "google_compute_router",
      "name": "router",
      "provider": "provider[\"registry.terraform.io/hashicorp/google\"]",
      "instances": [
        {
          "schema_version": 0,
          "attributes": {
            "bgp": [],
            "creation_timestamp": "2023-09-20T11:53:02.431-07:00",
            "description": "",
            "encrypted_interconnect_router": false,
            "id": "projects/ninjawombat/regions/us-west4/routers/nat-router",
            "name": "nat-router",
            "network": "https://www.googleapis.com/compute/v1/projects/ninjawombat/global/networks/ninjawombat-network",
            "project": "ninjawombat",
            "region": "us-west4",
            "self_link": "https://www.googleapis.com/compute/v1/projects/ninjawombat/regions/us-west4/routers/nat-router",
            "timeouts": null
          },
          "sensitive_attributes": [],
          "private": "eyJlMmJmYjczMC1lY2FhLTExZTYtOGY4OC0zNDM2M2JjN2M0YzAiOnsiY3JlYXRlIjoxMjAwMDAwMDAwMDAwLCJkZWxldGUiOjEyMDAwMDAwMDAwMDAsInVwZGF0ZSI6MTIwMDAwMDAwMDAwMH19",
          "dependencies": [
            "google_compute_network.default",
            "google_compute_subnetwork.default"
          ]
        }
      ]
    },
    {
      "mode": "managed",
      "type": "google_compute_router_nat",
      "name": "nat",
      "provider": "provider[\"registry.terraform.io/hashicorp/google\"]",
      "instances": [
        {
          "schema_version": 0,
          "attributes": {
            "drain_nat_ips": [],
            "enable_dynamic_port_allocation": false,
            "enable_endpoint_independent_mapping": true,
            "icmp_idle_timeout_sec": 30,
            "id": "ninjawombat/us-west4/nat-router/router-nat",
            "log_config": [],
            "max_ports_per_vm": 0,
            "min_ports_per_vm": 0,
            "name": "router-nat",
            "nat_ip_allocate_option": "AUTO_ONLY",
            "nat_ips": [],
            "project": "ninjawombat",
            "region": "us-west4",
            "router": "nat-router",
            "rules": [],
            "source_subnetwork_ip_ranges_to_nat": "ALL_SUBNETWORKS_ALL_IP_RANGES",
            "subnetwork": [],
            "tcp_established_idle_timeout_sec": 1200,
            "tcp_time_wait_timeout_sec": 120,
            "tcp_transitory_idle_timeout_sec": 30,
            "timeouts": null,
            "udp_idle_timeout_sec": 30
          },
          "sensitive_attributes": [],
          "private": "eyJlMmJmYjczMC1lY2FhLTExZTYtOGY4OC0zNDM2M2JjN2M0YzAiOnsiY3JlYXRlIjoxMjAwMDAwMDAwMDAwLCJkZWxldGUiOjEyMDAwMDAwMDAwMDAsInVwZGF0ZSI6MTIwMDAwMDAwMDAwMH19",
          "dependencies": [
            "google_compute_network.default",
            "google_compute_router.router",
            "google_compute_subnetwork.default"
          ]
        }
      ]
    },
    {
      "mode": "managed",
      "type": "google_compute_subnetwork",
      "name": "default",
      "provider": "provider[\"registry.terraform.io/hashicorp/google\"]",
      "instances": [
        {
          "schema_version": 0,
          "attributes": {
            "creation_timestamp": "2023-09-20T11:52:47.451-07:00",
            "description": "",
            "external_ipv6_prefix": "",
            "fingerprint": null,
            "gateway_address": "10.0.0.1",
            "id": "projects/ninjawombat/regions/us-west4/subnetworks/ninjawombat-subnet",
            "ip_cidr_range": "10.0.0.0/24",
            "ipv6_access_type": "",
            "ipv6_cidr_range": "",
            "log_config": [],
            "name": "ninjawombat-subnet",
            "network": "https://www.googleapis.com/compute/v1/projects/ninjawombat/global/networks/ninjawombat-network",
            "private_ip_google_access": true,
            "private_ipv6_google_access": "DISABLE_GOOGLE_ACCESS",
            "project": "ninjawombat",
            "purpose": "PRIVATE",
            "region": "us-west4",
            "role": "",
            "secondary_ip_range": [
              {
                "ip_cidr_range": "5.0.0.0/16",
                "range_name": "gke-ninjawombat-pods-b0c39d26"
              },
              {
                "ip_cidr_range": "5.1.0.0/16",
                "range_name": "gke-ninjawombat-services-b0c39d26"
              }
            ],
            "self_link": "https://www.googleapis.com/compute/v1/projects/ninjawombat/regions/us-west4/subnetworks/ninjawombat-subnet",
            "stack_type": "IPV4_ONLY",
            "timeouts": null
          },
          "sensitive_attributes": [],
          "private": "eyJlMmJmYjczMC1lY2FhLTExZTYtOGY4OC0zNDM2M2JjN2M0YzAiOnsiY3JlYXRlIjoxMjAwMDAwMDAwMDAwLCJkZWxldGUiOjEyMDAwMDAwMDAwMDAsInVwZGF0ZSI6MTIwMDAwMDAwMDAwMH19",
          "dependencies": [
            "google_compute_network.default"
          ]
        }
      ]
    },
    {
      "mode": "managed",
      "type": "google_container_cluster",
      "name": "default",
      "provider": "provider[\"registry.terraform.io/hashicorp/google-beta\"]",
      "instances": [
        {
          "schema_version": 1,
          "attributes": {
            "addons_config": [
              {
                "cloudrun_config": [],
                "config_connector_config": [],
                "dns_cache_config": [],
                "gce_persistent_disk_csi_driver_config": [
                  {
                    "enabled": true
                  }
                ],
                "gcp_filestore_csi_driver_config": [],
                "gcs_fuse_csi_driver_config": [],
                "gke_backup_agent_config": [],
                "horizontal_pod_autoscaling": [],
                "http_load_balancing": [
                  {
                    "disabled": false
                  }
                ],
                "istio_config": [],
                "kalm_config": [],
                "network_policy_config": [
                  {
                    "disabled": true
                  }
                ]
              }
            ],
            "allow_net_admin": null,
            "authenticator_groups_config": [],
            "binary_authorization": [
              {
                "enabled": false,
                "evaluation_mode": ""
              }
            ],
            "cluster_autoscaling": [
              {
                "auto_provisioning_defaults": [],
                "autoscaling_profile": "BALANCED",
                "enabled": false,
                "resource_limits": []
              }
            ],
            "cluster_ipv4_cidr": "5.0.0.0/16",
            "cluster_telemetry": [],
            "confidential_nodes": [],
            "cost_management_config": [],
            "database_encryption": [
              {
                "key_name": "",
                "state": "DECRYPTED"
              }
            ],
            "datapath_provider": "",
            "default_max_pods_per_node": 110,
            "default_snat_status": [
              {
                "disabled": true
              }
            ],
            "description": "",
            "dns_config": [],
            "enable_autopilot": false,
            "enable_binary_authorization": false,
            "enable_fqdn_network_policy": false,
            "enable_intranode_visibility": false,
            "enable_k8s_beta_apis": [],
            "enable_kubernetes_alpha": false,
            "enable_l4_ilb_subsetting": false,
            "enable_legacy_abac": false,
            "enable_multi_networking": false,
            "enable_shielded_nodes": true,
            "enable_tpu": false,
            "endpoint": "34.125.107.48",
            "gateway_api_config": [],
            "id": "projects/ninjawombat/locations/us-west4-b/clusters/ninjawombat",
            "identity_service_config": [],
            "initial_node_count": 3,
            "ip_allocation_policy": [
              {
                "additional_pod_ranges_config": [],
                "cluster_ipv4_cidr_block": "5.0.0.0/16",
                "cluster_secondary_range_name": "gke-ninjawombat-pods-b0c39d26",
                "pod_cidr_overprovision_config": [
                  {
                    "disabled": false
                  }
                ],
                "services_ipv4_cidr_block": "5.1.0.0/16",
                "services_secondary_range_name": "gke-ninjawombat-services-b0c39d26",
                "stack_type": "IPV4"
              }
            ],
            "label_fingerprint": "a9dc16a7",
            "location": "us-west4-b",
            "logging_config": [
              {
                "enable_components": []
              }
            ],
            "logging_service": "none",
            "maintenance_policy": [],
            "master_auth": [
              {
                "client_certificate": "",
                "client_certificate_config": [
                  {
                    "issue_client_certificate": false
                  }
                ],
                "client_key": "",
                "cluster_ca_certificate": "LS0tLS1CRUdJTiBDRVJUSUZJQ0FURS0tLS0tCk1JSUVMRENDQXBTZ0F3SUJBZ0lRR2FyU3pvcFJQUk5KVjJOanVOOXZ2REFOQmdrcWhraUc5dzBCQVFzRkFEQXYKTVMwd0t3WURWUVFERXlRek1URm1ZVGsyTXkxbU9HTmlMVFJqT1RjdE9XRmhNQzB3TVRGaE1qRmpZV1JtWlRZdwpJQmNOTWpNd09USXdNVGMxTXpBeVdoZ1BNakExTXpBNU1USXhPRFV6TURKYU1DOHhMVEFyQmdOVkJBTVRKRE14Ck1XWmhPVFl6TFdZNFkySXROR001TnkwNVlXRXdMVEF4TVdFeU1XTmhaR1psTmpDQ0FhSXdEUVlKS29aSWh2Y04KQVFFQkJRQURnZ0dQQURDQ0FZb0NnZ0dCQU1PRDFnNCt0RFcyOS9LbDRTVGprdkUyOXNxS0d1dktURVMzRDVxWQp3ak1KL3ZMQkVkbVlsUDYzdEFUZ0h5NlU5YmtRUTJ1aHdLdkxOYXRXOG9VcEVYSGVMR3I0cE5Wb1NsVnNEUlZZCjhjdE9CQzc5VUpaWVdYU0ZyUU56M0h2VGZ3VEh4WE50dWNWeUhHeDF3TElvSE9STVdmaExqcWp6bkpJSlB6UjIKOCtCOFlPS1ppaHRmVVBHaGVTcUN4V1BwLy8vNGhjMVJNYWl0L25MY2I1b2VpbDlvQ1k4Z0pDTFB0N0xQU2RoVgozU0t6LzdTeXVZTjk2V1UremI1dm91YXFQdGQvS3cvcnh1T25ZSWxLWkFxSk1NR1phMitRNjVJMjJwdThIOXo5CkxMODJaaGowb1BLL2NHVXphREg2UkJ3R2N3TUJNL1NCR09DYkxmOWRERlNqYXppRUZ5UEl4TFVjVTB2cWpsMzUKT09CdTJsczNpSHdXTjgxL2grVDVubXJ0WUtYNWR2cHhYY0lVUGJCdWFQT256SHgySVFDRk1iVnFvaTRLcnNtVwovOXVrSi9PeEJDSENkYnV2b2hRNDdlSks2NFhRZFBEdnNSMC83cnpsL0xaSUtPRFZRMEJWSzRxcVoxaVlQOXdpCmNqK0xVOFhIKzIvVUhCMG1mSWxTN1djNzR3SURBUUFCbzBJd1FEQU9CZ05WSFE4QkFmOEVCQU1DQWdRd0R3WUQKVlIwVEFRSC9CQVV3QXdFQi96QWRCZ05WSFE0RUZnUVVIMnlaNlcrbmF3WVVhME9KT0pLY014by9wVmd3RFFZSgpLb1pJaHZjTkFRRUxCUUFEZ2dHQkFBazdYNHUrZlVNeFNqNHVVWlA4TEVNUFYySTRYU1BtTFFCWTduNkdNRkZVCkdJeThkanozTjFNMzlxZE9IR0pldkxmaXdiUEdaOFNPRVp6SldkWlhKL3FZMlBDRERlekVzeDJEYTNtVC8zVC8KKzc0LytPOGt2TFdJUkkvSHRwSHRaNFBHUy9TZHh2RmNycEFZaXdYUGNxSG1SdS8vd3RRSlYweGI3MWUxbXZWRgpIaXFvRlpvcTVzY0grVjRrVWhrdllLc3FJMENyTTJQWWZrWERXYVVHRG5vWmVJWWUxbFo3S3pQNVFManNKOEhNCmdtZmNBa25RV0RoSUFhUTlwaFdDRTAzNTJzSXFUbVdibHFXUzFGM0dyM2hlSStRcmcwTFFybkN3R2lMc3hhaU4Kbmg4OGhsbHV4MzRycHpSVklLQ01XelJxaG9IdnpiTHNyQmxrTkwrZEFnY25kZzZhWXBrcGlNVkl3NE1Ec2VNTQpQS3o1dXBOUkl1SGNhT1YwOHhSZmpleTdmWUZnWW9NNmt3NjBrSGh1WU4xQjVBeXdPRDlmMGZuUHNzZ0ZXZVhYCmRGT1ZFRmJUaU16bGZRUmdSNHlhbkVtcktWSDJTVG5vdnBEdk14U2NLcHEvd1BZY1RzUmw0eWc0ajIwRGpwSFoKcTZGbDVGKzJaZzNMTkt4blVmRDJudz09Ci0tLS0tRU5EIENFUlRJRklDQVRFLS0tLS0K"
              }
            ],
            "master_authorized_networks_config": [
              {
                "cidr_blocks": [
                  {
                    "cidr_block": "0.0.0.0/0",
                    "display_name": "World"
                  }
                ],
                "gcp_public_cidrs_access_enabled": false
              }
            ],
            "master_version": "1.27.3-gke.100",
            "mesh_certificates": [],
            "min_master_version": null,
            "monitoring_config": [
              {
                "advanced_datapath_observability_config": [
                  {
                    "enable_metrics": false,
                    "relay_mode": "DISABLED"
                  }
                ],
                "enable_components": [
                  "SYSTEM_COMPONENTS"
                ],
                "managed_prometheus": [
                  {
                    "enabled": true
                  }
                ]
              }
            ],
            "monitoring_service": "monitoring.googleapis.com/kubernetes",
            "name": "ninjawombat",
            "network": "projects/ninjawombat/global/networks/ninjawombat-network",
            "network_policy": [
              {
                "enabled": false,
                "provider": "PROVIDER_UNSPECIFIED"
              }
            ],
            "networking_mode": "VPC_NATIVE",
            "node_config": [
              {
                "advanced_machine_features": [],
                "boot_disk_kms_key": "",
                "confidential_nodes": [],
                "disk_size_gb": 20,
                "disk_type": "pd-balanced",
                "ephemeral_storage_config": [],
                "ephemeral_storage_local_ssd_config": [],
                "gcfs_config": [],
                "guest_accelerator": [],
                "gvnic": [],
                "host_maintenance_policy": [],
                "image_type": "COS_CONTAINERD",
                "kubelet_config": [],
                "labels": {},
                "linux_node_config": [],
                "local_nvme_ssd_block_config": [],
                "local_ssd_count": 0,
                "logging_variant": "DEFAULT",
                "machine_type": "e2-standard-2",
                "metadata": {
                  "disable-legacy-endpoints": "true"
                },
                "min_cpu_platform": "",
                "node_group": "",
                "oauth_scopes": [
                  "https://www.googleapis.com/auth/cloud-platform",
                  "https://www.googleapis.com/auth/devstorage.read_only",
                  "https://www.googleapis.com/auth/monitoring",
                  "https://www.googleapis.com/auth/service.management.readonly",
                  "https://www.googleapis.com/auth/servicecontrol",
                  "https://www.googleapis.com/auth/trace.append"
                ],
                "preemptible": false,
                "reservation_affinity": [],
                "resource_labels": {},
                "sandbox_config": [],
                "service_account": "default",
                "shielded_instance_config": [
                  {
                    "enable_integrity_monitoring": true,
                    "enable_secure_boot": false
                  }
                ],
                "sole_tenant_config": [],
                "spot": true,
                "tags": [
                  "ninjawombat"
                ],
                "taint": [],
                "workload_metadata_config": [
                  {
                    "mode": "GKE_METADATA"
                  }
                ]
              }
            ],
            "node_locations": [],
            "node_pool": [
              {
                "autoscaling": [],
                "initial_node_count": 3,
                "instance_group_urls": [
                  "https://www.googleapis.com/compute/v1/projects/ninjawombat/zones/us-west4-b/instanceGroupManagers/gke-ninjawombat-default-pool-94a0f264-grp"
                ],
                "managed_instance_group_urls": [
                  "https://www.googleapis.com/compute/beta/projects/ninjawombat/zones/us-west4-b/instanceGroups/gke-ninjawombat-default-pool-94a0f264-grp"
                ],
                "management": [
                  {
                    "auto_repair": true,
                    "auto_upgrade": true
                  }
                ],
                "max_pods_per_node": 110,
                "name": "default-pool",
                "name_prefix": "",
                "network_config": [
                  {
                    "additional_node_network_configs": [],
                    "additional_pod_network_configs": [],
                    "create_pod_range": false,
                    "enable_private_nodes": false,
                    "pod_cidr_overprovision_config": [],
                    "pod_ipv4_cidr_block": "5.0.0.0/16",
                    "pod_range": "gke-ninjawombat-pods-b0c39d26"
                  }
                ],
                "node_config": [
                  {
                    "advanced_machine_features": [],
                    "boot_disk_kms_key": "",
                    "confidential_nodes": [],
                    "disk_size_gb": 20,
                    "disk_type": "pd-balanced",
                    "ephemeral_storage_config": [],
                    "ephemeral_storage_local_ssd_config": [],
                    "gcfs_config": [],
                    "guest_accelerator": [],
                    "gvnic": [],
                    "host_maintenance_policy": [],
                    "image_type": "COS_CONTAINERD",
                    "kubelet_config": [],
                    "labels": {},
                    "linux_node_config": [],
                    "local_nvme_ssd_block_config": [],
                    "local_ssd_count": 0,
                    "logging_variant": "DEFAULT",
                    "machine_type": "e2-standard-2",
                    "metadata": {
                      "disable-legacy-endpoints": "true"
                    },
                    "min_cpu_platform": "",
                    "node_group": "",
                    "oauth_scopes": [
                      "https://www.googleapis.com/auth/cloud-platform",
                      "https://www.googleapis.com/auth/devstorage.read_only",
                      "https://www.googleapis.com/auth/monitoring",
                      "https://www.googleapis.com/auth/service.management.readonly",
                      "https://www.googleapis.com/auth/servicecontrol",
                      "https://www.googleapis.com/auth/trace.append"
                    ],
                    "preemptible": false,
                    "reservation_affinity": [],
                    "resource_labels": {},
                    "sandbox_config": [],
                    "service_account": "default",
                    "shielded_instance_config": [
                      {
                        "enable_integrity_monitoring": true,
                        "enable_secure_boot": false
                      }
                    ],
                    "sole_tenant_config": [],
                    "spot": true,
                    "tags": [
                      "ninjawombat"
                    ],
                    "taint": [],
                    "workload_metadata_config": [
                      {
                        "mode": "GKE_METADATA"
                      }
                    ]
                  }
                ],
                "node_count": 3,
                "node_locations": [
                  "us-west4-b"
                ],
                "placement_policy": [],
                "upgrade_settings": [
                  {
                    "blue_green_settings": [],
                    "max_surge": 1,
                    "max_unavailable": 0,
                    "strategy": "SURGE"
                  }
                ],
                "version": "1.27.3-gke.100"
              }
            ],
            "node_pool_auto_config": [
              {
                "network_tags": []
              }
            ],
            "node_pool_defaults": [
              {
                "node_config_defaults": [
                  {
                    "gcfs_config": [],
                    "logging_variant": "DEFAULT"
                  }
                ]
              }
            ],
            "node_version": "1.27.3-gke.100",
            "notification_config": [
              {
                "pubsub": [
                  {
                    "enabled": false,
                    "filter": [],
                    "topic": ""
                  }
                ]
              }
            ],
            "operation": null,
            "pod_security_policy_config": [
              {
                "enabled": false
              }
            ],
            "private_cluster_config": [
              {
                "enable_private_endpoint": false,
                "enable_private_nodes": true,
                "master_global_access_config": [
                  {
                    "enabled": false
                  }
                ],
                "master_ipv4_cidr_block": "172.16.0.16/28",
                "peering_name": "gke-nc00c498276160ca058f-d7c9-9df6-peer",
                "private_endpoint": "172.16.0.18",
                "private_endpoint_subnetwork": "",
                "public_endpoint": "34.125.107.48"
              }
            ],
            "private_ipv6_google_access": "",
            "project": "ninjawombat",
            "protect_config": [
              {
                "workload_config": [
                  {
                    "audit_mode": "BASIC"
                  }
                ],
                "workload_vulnerability_mode": "WORKLOAD_VULNERABILITY_MODE_UNSPECIFIED"
              }
            ],
            "release_channel": [
              {
                "channel": "REGULAR"
              }
            ],
            "remove_default_node_pool": null,
            "resource_labels": {},
            "resource_usage_export_config": [],
            "security_posture_config": [
              {
                "mode": "BASIC",
                "vulnerability_mode": "VULNERABILITY_MODE_UNSPECIFIED"
              }
            ],
            "self_link": "https://container.googleapis.com/v1beta1/projects/ninjawombat/zones/us-west4-b/clusters/ninjawombat",
            "service_external_ips_config": [
              {
                "enabled": false
              }
            ],
            "services_ipv4_cidr": "5.1.0.0/16",
            "subnetwork": "projects/ninjawombat/regions/us-west4/subnetworks/ninjawombat-subnet",
            "timeouts": null,
            "tpu_config": [],
            "tpu_ipv4_cidr_block": "",
            "vertical_pod_autoscaling": [],
            "workload_identity_config": [
              {
                "workload_pool": "ninjawombat.svc.id.goog"
              }
            ]
          },
          "sensitive_attributes": [],
          "private": "eyJlMmJmYjczMC1lY2FhLTExZTYtOGY4OC0zNDM2M2JjN2M0YzAiOnsiY3JlYXRlIjoyNDAwMDAwMDAwMDAwLCJkZWxldGUiOjI0MDAwMDAwMDAwMDAsInJlYWQiOjI0MDAwMDAwMDAwMDAsInVwZGF0ZSI6MzYwMDAwMDAwMDAwMH0sInNjaGVtYV92ZXJzaW9uIjoiMSJ9",
          "dependencies": [
            "google_compute_network.default",
            "google_compute_subnetwork.default"
          ]
        }
      ]
    },
    {
      "mode": "managed",
      "type": "null_resource",
      "name": "local_k8s_context",
      "provider": "provider[\"registry.terraform.io/hashicorp/null\"]",
      "instances": [
        {
          "schema_version": 0,
          "attributes": {
            "id": "5382979063248186184",
            "triggers": null
          },
          "sensitive_attributes": [],
          "dependencies": [
            "google_compute_network.default",
            "google_compute_subnetwork.default",
            "google_container_cluster.default",
            "time_sleep.wait_for_kube"
          ]
        }
      ]
    },
    {
      "mode": "managed",
      "type": "time_sleep",
      "name": "wait_for_kube",
      "provider": "provider[\"registry.terraform.io/hashicorp/time\"]",
      "instances": [
        {
          "schema_version": 0,
          "attributes": {
            "create_duration": "30s",
            "destroy_duration": null,
            "id": "2023-09-20T19:00:04Z",
            "triggers": null
          },
          "sensitive_attributes": [],
          "dependencies": [
            "google_compute_network.default",
            "google_compute_subnetwork.default",
            "google_container_cluster.default"
          ]
        }
      ]
    },
    {
      "module": "module.flux",
      "mode": "managed",
      "type": "helm_release",
      "name": "flux",
      "provider": "provider[\"registry.terraform.io/hashicorp/helm\"]",
      "instances": [
        {
          "schema_version": 1,
          "attributes": {
            "atomic": false,
            "chart": "flux2",
            "cleanup_on_fail": false,
            "create_namespace": true,
            "dependency_update": false,
            "description": null,
            "devel": null,
            "disable_crd_hooks": false,
            "disable_openapi_validation": false,
            "disable_webhooks": false,
            "force_update": false,
            "id": "flux2",
            "keyring": null,
            "lint": false,
            "manifest": null,
            "max_history": 0,
            "metadata": [
              {
                "app_version": "2.1.1",
                "chart": "flux2",
                "name": "flux2",
                "namespace": "flux-system",
                "revision": 1,
                "values": "{}",
                "version": "2.10.1"
              }
            ],
            "name": "flux2",
            "namespace": "flux-system",
            "pass_credentials": false,
            "postrender": [],
            "recreate_pods": false,
            "render_subchart_notes": true,
            "replace": false,
            "repository": "https://fluxcd-community.github.io/helm-charts",
            "repository_ca_file": null,
            "repository_cert_file": null,
            "repository_key_file": null,
            "repository_password": null,
            "repository_username": null,
            "reset_values": false,
            "reuse_values": false,
            "set": [],
            "set_list": [],
            "set_sensitive": [],
            "skip_crds": false,
            "status": "deployed",
            "timeout": 300,
            "values": null,
            "verify": false,
            "version": "2.10.1",
            "wait": true,
            "wait_for_jobs": false
          },
          "sensitive_attributes": [],
          "private": "eyJzY2hlbWFfdmVyc2lvbiI6IjEifQ==",
          "dependencies": [
            "null_resource.local_k8s_context"
          ]
        }
      ]
    },
    {
      "module": "module.flux",
      "mode": "managed",
      "type": "null_resource",
      "name": "flux_config",
      "provider": "provider[\"registry.terraform.io/hashicorp/null\"]",
      "instances": [
        {
          "status": "tainted",
          "schema_version": 0,
          "attributes": {
            "id": "1877565037818015566",
            "triggers": null
          },
          "sensitive_attributes": [],
          "dependencies": [
            "module.flux.helm_release.flux",
            "null_resource.local_k8s_context"
          ]
        }
      ]
    },
    {
      "module": "module.iam",
      "mode": "managed",
      "type": "google_project_iam_member",
      "name": "secret-admin",
      "provider": "provider[\"registry.terraform.io/hashicorp/google\"]",
      "instances": [
        {
          "schema_version": 0,
          "attributes": {
            "condition": [],
            "etag": "BwYFzuCLxpo=",
            "id": "ninjawombat/roles/secretmanager.secretAccessor/serviceAccount:external-secrets@ninjawombat.iam.gserviceaccount.com",
            "member": "serviceAccount:external-secrets@ninjawombat.iam.gserviceaccount.com",
            "project": "ninjawombat",
            "role": "roles/secretmanager.secretAccessor"
          },
          "sensitive_attributes": [],
          "private": "bnVsbA==",
          "dependencies": [
            "module.iam.module.service_account.google_service_account.service_accounts"
          ]
        }
      ]
    },
    {
      "module": "module.iam.module.iam",
      "mode": "managed",
      "type": "google_service_account_iam_binding",
      "name": "service_account_iam_authoritative",
      "provider": "provider[\"registry.terraform.io/hashicorp/google\"]",
      "instances": [
        {
          "index_key": "default--roles/iam.workloadIdentityUser",
          "schema_version": 0,
          "attributes": {
            "condition": [],
            "etag": "BwYFzuBPOso=",
            "id": "projects/ninjawombat/serviceAccounts/external-secrets@ninjawombat.iam.gserviceaccount.com/roles/iam.workloadIdentityUser",
            "members": [
              "serviceAccount:ninjawombat.svc.id.goog[kube-system/external-secrets]"
            ],
            "role": "roles/iam.workloadIdentityUser",
            "service_account_id": "projects/ninjawombat/serviceAccounts/external-secrets@ninjawombat.iam.gserviceaccount.com"
          },
          "sensitive_attributes": [],
          "private": "bnVsbA==",
          "dependencies": [
            "module.iam.module.service_account.google_service_account.service_accounts"
          ]
        }
      ]
    },
    {
      "module": "module.iam.module.iam",
      "mode": "managed",
      "type": "google_service_account_iam_member",
      "name": "service_account_iam_additive",
      "provider": "provider[\"registry.terraform.io/hashicorp/google\"]",
      "instances": []
    },
    {
      "module": "module.iam.module.service_account",
      "mode": "managed",
      "type": "google_project_iam_member",
      "name": "project-roles",
      "provider": "provider[\"registry.terraform.io/hashicorp/google\"]",
      "instances": [
        {
          "index_key": "external-secrets-ninjawombat=\u003eroles/secretmanager.secretAccessor",
          "schema_version": 0,
          "attributes": {
            "condition": [],
            "etag": "BwYFzuCLxpo=",
            "id": "ninjawombat/roles/secretmanager.secretAccessor/serviceAccount:external-secrets@ninjawombat.iam.gserviceaccount.com",
            "member": "serviceAccount:external-secrets@ninjawombat.iam.gserviceaccount.com",
            "project": "ninjawombat",
            "role": "roles/secretmanager.secretAccessor"
          },
          "sensitive_attributes": [],
          "private": "bnVsbA==",
          "dependencies": [
            "module.iam.module.service_account.google_service_account.service_accounts"
          ]
        }
      ]
    },
    {
      "module": "module.iam.module.service_account",
      "mode": "managed",
      "type": "google_service_account",
      "name": "service_accounts",
      "provider": "provider[\"registry.terraform.io/hashicorp/google\"]",
      "instances": [
        {
          "index_key": "external-secrets",
          "schema_version": 0,
          "attributes": {
            "account_id": "external-secrets",
            "description": "",
            "disabled": false,
            "display_name": "Terraform-managed service account",
            "email": "external-secrets@ninjawombat.iam.gserviceaccount.com",
            "id": "projects/ninjawombat/serviceAccounts/external-secrets@ninjawombat.iam.gserviceaccount.com",
            "member": "serviceAccount:external-secrets@ninjawombat.iam.gserviceaccount.com",
            "name": "projects/ninjawombat/serviceAccounts/external-secrets@ninjawombat.iam.gserviceaccount.com",
            "project": "ninjawombat",
            "timeouts": null,
            "unique_id": "116769817320710794864"
          },
          "sensitive_attributes": [],
          "private": "eyJlMmJmYjczMC1lY2FhLTExZTYtOGY4OC0zNDM2M2JjN2M0YzAiOnsiY3JlYXRlIjozMDAwMDAwMDAwMDB9fQ=="
        }
      ]
    },
    {
      "module": "module.secrets[0]",
      "mode": "managed",
      "type": "random_password",
      "name": "password",
      "provider": "provider[\"registry.terraform.io/hashicorp/random\"]",
      "instances": [
        {
          "index_key": 0,
          "schema_version": 3,
          "attributes": {
            "bcrypt_hash": "$2a$10$2qDr8Y3zp/iO3meeFEuE1uq74Rl4bnXAJaeW5b838ybHD.ZHEcdP6",
            "id": "none",
            "keepers": null,
            "length": 24,
            "lower": true,
            "min_lower": 0,
            "min_numeric": 0,
            "min_special": 0,
            "min_upper": 0,
            "number": true,
            "numeric": true,
            "override_special": null,
            "result": "PVNyUCorrRDdVN2yEPFyxJhn",
            "special": false,
            "upper": true
          },
          "sensitive_attributes": []
        }
      ]
    },
    {
      "module": "module.secrets[0].module.genrated_secrets",
      "mode": "managed",
      "type": "google_secret_manager_secret",
      "name": "secret",
      "provider": "provider[\"registry.terraform.io/hashicorp/google\"]",
      "instances": [
        {
          "schema_version": 0,
          "attributes": {
            "annotations": {},
            "create_time": "2023-09-20T18:52:23.990725Z",
            "expire_time": "",
            "id": "projects/ninjawombat/secrets/demo-password-1",
            "labels": {},
            "name": "projects/259372826328/secrets/demo-password-1",
            "project": "ninjawombat",
            "replication": [
              {
                "auto": [],
                "automatic": true,
                "user_managed": []
              }
            ],
            "rotation": [],
            "secret_id": "demo-password-1",
            "timeouts": null,
            "topics": [],
            "ttl": null,
            "version_aliases": {}
          },
          "sensitive_attributes": [],
          "private": "eyJlMmJmYjczMC1lY2FhLTExZTYtOGY4OC0zNDM2M2JjN2M0YzAiOnsiY3JlYXRlIjoxMjAwMDAwMDAwMDAwLCJkZWxldGUiOjEyMDAwMDAwMDAwMDAsInVwZGF0ZSI6MTIwMDAwMDAwMDAwMH19"
        }
      ]
    },
    {
      "module": "module.secrets[0].module.genrated_secrets",
      "mode": "managed",
      "type": "google_secret_manager_secret_version",
      "name": "secret",
      "provider": "provider[\"registry.terraform.io/hashicorp/google\"]",
      "instances": [
        {
          "schema_version": 0,
          "attributes": {
            "create_time": "2023-09-20T18:52:26.274490Z",
            "deletion_policy": "DELETE",
            "destroy_time": "",
            "enabled": true,
            "id": "projects/259372826328/secrets/demo-password-1/versions/1",
            "name": "projects/259372826328/secrets/demo-password-1/versions/1",
            "secret": "projects/ninjawombat/secrets/demo-password-1",
            "secret_data": "PVNyUCorrRDdVN2yEPFyxJhn",
            "timeouts": null,
            "version": "1"
          },
          "sensitive_attributes": [
            [
              {
                "type": "get_attr",
                "value": "secret_data"
              }
            ]
          ],
          "private": "eyJlMmJmYjczMC1lY2FhLTExZTYtOGY4OC0zNDM2M2JjN2M0YzAiOnsiY3JlYXRlIjoxMjAwMDAwMDAwMDAwLCJkZWxldGUiOjEyMDAwMDAwMDAwMDB9fQ==",
          "dependencies": [
            "module.secrets.module.genrated_secrets.google_secret_manager_secret.secret",
            "module.secrets.random_password.password"
          ]
        }
      ]
    },
    {
      "module": "module.secrets[1].module.genrated_secrets",
      "mode": "managed",
      "type": "google_secret_manager_secret",
      "name": "secret",
      "provider": "provider[\"registry.terraform.io/hashicorp/google\"]",
      "instances": [
        {
          "schema_version": 0,
          "attributes": {
            "annotations": {},
            "create_time": "2023-09-20T18:52:23.781564Z",
            "expire_time": "",
            "id": "projects/ninjawombat/secrets/weave-gitops-admin",
            "labels": {},
            "name": "projects/259372826328/secrets/weave-gitops-admin",
            "project": "ninjawombat",
            "replication": [
              {
                "auto": [],
                "automatic": true,
                "user_managed": []
              }
            ],
            "rotation": [],
            "secret_id": "weave-gitops-admin",
            "timeouts": null,
            "topics": [],
            "ttl": null,
            "version_aliases": {}
          },
          "sensitive_attributes": [],
          "private": "eyJlMmJmYjczMC1lY2FhLTExZTYtOGY4OC0zNDM2M2JjN2M0YzAiOnsiY3JlYXRlIjoxMjAwMDAwMDAwMDAwLCJkZWxldGUiOjEyMDAwMDAwMDAwMDAsInVwZGF0ZSI6MTIwMDAwMDAwMDAwMH19"
        }
      ]
    },
    {
      "module": "module.secrets[1].module.genrated_secrets",
      "mode": "managed",
      "type": "google_secret_manager_secret_version",
      "name": "secret",
      "provider": "provider[\"registry.terraform.io/hashicorp/google\"]",
      "instances": [
        {
          "schema_version": 0,
          "attributes": {
            "create_time": "2023-09-20T18:52:25.767994Z",
            "deletion_policy": "DELETE",
            "destroy_time": "",
            "enabled": true,
            "id": "projects/259372826328/secrets/weave-gitops-admin/versions/1",
            "name": "projects/259372826328/secrets/weave-gitops-admin/versions/1",
            "secret": "projects/ninjawombat/secrets/weave-gitops-admin",
            "secret_data": "$2a$10$TfDPDXkXsgRmGYIUTGyUB.l0qh3ODA2qUa/ZPRaThoawHkB5/iD32",
            "timeouts": null,
            "version": "1"
          },
          "sensitive_attributes": [],
          "private": "eyJlMmJmYjczMC1lY2FhLTExZTYtOGY4OC0zNDM2M2JjN2M0YzAiOnsiY3JlYXRlIjoxMjAwMDAwMDAwMDAwLCJkZWxldGUiOjEyMDAwMDAwMDAwMDB9fQ==",
          "dependencies": [
            "module.secrets.module.genrated_secrets.google_secret_manager_secret.secret",
            "module.secrets.random_password.password"
          ]
        }
      ]
    }
  ],
  "check_results": null
}
